
Microsoft Visual Studio Solution File, Format Version 12.00
# Visual Studio Version 17
VisualStudioVersion = 17.9.34622.214
MinimumVisualStudioVersion = 10.0.40219.1
Project("{FAE04EC0-301F-11D3-BF4B-00C04F79EFBC}") = "BuildMaterialApp", "BuildMaterialApp\BuildMaterialApp.csproj", "{220FF0F2-6EA3-4F72-8362-CCF7D2F0F5EA}"
EndProject
Project("{FAE04EC0-301F-11D3-BF4B-00C04F79EFBC}") = "BuildMaterial.Infrastructure", "BuildMaterial.Infrastructure\BuildMaterial.Infrastructure.csproj", "{DC94A927-1746-44B7-9914-CEBA6C25D28D}"
EndProject
Global
	GlobalSection(SolutionConfigurationPlatforms) = preSolution
		Debug|Any CPU = Debug|Any CPU
		Release|Any CPU = Release|Any CPU
	EndGlobalSection
	GlobalSection(ProjectConfigurationPlatforms) = postSolution
		{220FF0F2-6EA3-4F72-8362-CCF7D2F0F5EA}.Debug|Any CPU.ActiveCfg = Debug|Any CPU
		{220FF0F2-6EA3-4F72-8362-CCF7D2F0F5EA}.Debug|Any CPU.Build.0 = Debug|Any CPU
		{220FF0F2-6EA3-4F72-8362-CCF7D2F0F5EA}.Release|Any CPU.ActiveCfg = Release|Any CPU
		{220FF0F2-6EA3-4F72-8362-CCF7D2F0F5EA}.Release|Any CPU.Build.0 = Release|Any CPU
		{DC94A927-1746-44B7-9914-CEBA6C25D28D}.Debug|Any CPU.ActiveCfg = Debug|Any CPU
		{DC94A927-1746-44B7-9914-CEBA6C25D28D}.Debug|Any CPU.Build.0 = Debug|Any CPU
		{DC94A927-1746-44B7-9914-CEBA6C25D28D}.Release|Any CPU.ActiveCfg = Release|Any CPU
		{DC94A927-1746-44B7-9914-CEBA6C25D28D}.Release|Any CPU.Build.0 = Release|Any CPU
	EndGlobalSection
	GlobalSection(SolutionProperties) = preSolution
		HideSolutionNode = FALSE
	EndGlobalSection
	GlobalSection(ExtensibilityGlobals) = postSolution
		SolutionGuid = {E5A19DE5-B39C-4285-B059-14EF2B5F5290}
	EndGlobalSection
EndGlobal
